
Microsoft Visual Studio Solution File, Format Version 12.00
# Visual Studio 15
VisualStudioVersion = 15.0.28307.852
MinimumVisualStudioVersion = 10.0.40219.1
Project("{FAE04EC0-301F-11D3-BF4B-00C04F79EFBC}") = "Chess_online", "Chess_online.csproj", "{AE356861-4CF0-433C-AB9A-6CB4259D11F1}"
EndProject
Global
	GlobalSection(SolutionConfigurationPlatforms) = preSolution
		Debug|Any CPU = Debug|Any CPU
		Release|Any CPU = Release|Any CPU
	EndGlobalSection
	GlobalSection(ProjectConfigurationPlatforms) = postSolution
		{AE356861-4CF0-433C-AB9A-6CB4259D11F1}.Debug|Any CPU.ActiveCfg = Debug|Any CPU
		{AE356861-4CF0-433C-AB9A-6CB4259D11F1}.Debug|Any CPU.Build.0 = Debug|Any CPU
		{AE356861-4CF0-433C-AB9A-6CB4259D11F1}.Release|Any CPU.ActiveCfg = Release|Any CPU
		{AE356861-4CF0-433C-AB9A-6CB4259D11F1}.Release|Any CPU.Build.0 = Release|Any CPU
	EndGlobalSection
	GlobalSection(SolutionProperties) = preSolution
		HideSolutionNode = FALSE
	EndGlobalSection
	GlobalSection(ExtensibilityGlobals) = postSolution
		SolutionGuid = {3B65C468-3E1A-44DD-9074-91B1426585F0}
	EndGlobalSection
EndGlobal
